
Microsoft Visual Studio Solution File, Format Version 12.00
# Visual Studio 15
VisualStudioVersion = 15.0.26730.15
MinimumVisualStudioVersion = 10.0.40219.1
Project("{FAE04EC0-301F-11D3-BF4B-00C04F79EFBC}") = "Factorial", "Factorial\Factorial.csproj", "{264FEC43-A424-43E7-9253-5447E87ED01B}"
EndProject
Global
	GlobalSection(SolutionConfigurationPlatforms) = preSolution
		Debug|Any CPU = Debug|Any CPU
		Release|Any CPU = Release|Any CPU
	EndGlobalSection
	GlobalSection(ProjectConfigurationPlatforms) = postSolution
		{264FEC43-A424-43E7-9253-5447E87ED01B}.Debug|Any CPU.ActiveCfg = Debug|Any CPU
		{264FEC43-A424-43E7-9253-5447E87ED01B}.Debug|Any CPU.Build.0 = Debug|Any CPU
		{264FEC43-A424-43E7-9253-5447E87ED01B}.Release|Any CPU.ActiveCfg = Release|Any CPU
		{264FEC43-A424-43E7-9253-5447E87ED01B}.Release|Any CPU.Build.0 = Release|Any CPU
	EndGlobalSection
	GlobalSection(SolutionProperties) = preSolution
		HideSolutionNode = FALSE
	EndGlobalSection
	GlobalSection(ExtensibilityGlobals) = postSolution
		SolutionGuid = {F14DB308-6D92-4F1B-A53C-96A034179B24}
	EndGlobalSection
EndGlobal
